// !$*UTF8*$!
{
	archiveVersion = 1;
	classes = {
	};
	objectVersion = 50;
	objects = {

/* Begin PBXBuildFile section */
		192493C221AE78E500C24958 /* AppDelegate.swift in Sources */ = {isa = PBXBuildFile; fileRef = 192493C121AE78E500C24958 /* AppDelegate.swift */; };
		192493C721AE78E500C24958 /* Main.storyboard in Resources */ = {isa = PBXBuildFile; fileRef = 192493C521AE78E500C24958 /* Main.storyboard */; };
		192493C921AE78E700C24958 /* Assets.xcassets in Resources */ = {isa = PBXBuildFile; fileRef = 192493C821AE78E700C24958 /* Assets.xcassets */; };
		192493CC21AE78E700C24958 /* LaunchScreen.storyboard in Resources */ = {isa = PBXBuildFile; fileRef = 192493CA21AE78E700C24958 /* LaunchScreen.storyboard */; };
		198AAFC621B12D09007459A3 /* AdBannerCollectionViewCell.swift in Sources */ = {isa = PBXBuildFile; fileRef = 198AAFC421B12D09007459A3 /* AdBannerCollectionViewCell.swift */; };
		198AAFC721B12D09007459A3 /* AdBannerCollectionViewCell.xib in Resources */ = {isa = PBXBuildFile; fileRef = 198AAFC521B12D09007459A3 /* AdBannerCollectionViewCell.xib */; };
		19B3648321B0D50E00EE2CC9 /* MainViewController.swift in Sources */ = {isa = PBXBuildFile; fileRef = 19B3648221B0D50E00EE2CC9 /* MainViewController.swift */; };
		19B3648521B0E1E400EE2CC9 /* SubViewController.swift in Sources */ = {isa = PBXBuildFile; fileRef = 19B3648421B0E1E400EE2CC9 /* SubViewController.swift */; };
/* End PBXBuildFile section */

/* Begin PBXFileReference section */
		192493BE21AE78E500C24958 /* BottomSheetUI.app */ = {isa = PBXFileReference; explicitFileType = wrapper.application; includeInIndex = 0; path = BottomSheetUI.app; sourceTree = BUILT_PRODUCTS_DIR; };
		192493C121AE78E500C24958 /* AppDelegate.swift */ = {isa = PBXFileReference; lastKnownFileType = sourcecode.swift; path = AppDelegate.swift; sourceTree = "<group>"; };
		192493C621AE78E500C24958 /* Base */ = {isa = PBXFileReference; lastKnownFileType = file.storyboard; name = Base; path = Base.lproj/Main.storyboard; sourceTree = "<group>"; };
		192493C821AE78E700C24958 /* Assets.xcassets */ = {isa = PBXFileReference; lastKnownFileType = folder.assetcatalog; path = Assets.xcassets; sourceTree = "<group>"; };
		192493CB21AE78E700C24958 /* Base */ = {isa = PBXFileReference; lastKnownFileType = file.storyboard; name = Base; path = Base.lproj/LaunchScreen.storyboard; sourceTree = "<group>"; };
		192493CD21AE78E800C24958 /* Info.plist */ = {isa = PBXFileReference; lastKnownFileType = text.plist.xml; path = Info.plist; sourceTree = "<group>"; };
		198AAFC421B12D09007459A3 /* AdBannerCollectionViewCell.swift */ = {isa = PBXFileReference; lastKnownFileType = sourcecode.swift; path = AdBannerCollectionViewCell.swift; sourceTree = "<group>"; };
		198AAFC521B12D09007459A3 /* AdBannerCollectionViewCell.xib */ = {isa = PBXFileReference; lastKnownFileType = file.xib; path = AdBannerCollectionViewCell.xib; sourceTree = "<group>"; };
		19B3648221B0D50E00EE2CC9 /* MainViewController.swift */ = {isa = PBXFileReference; lastKnownFileType = sourcecode.swift; path = MainViewController.swift; sourceTree = "<group>"; };
		19B3648421B0E1E400EE2CC9 /* SubViewController.swift */ = {isa = PBXFileReference; lastKnownFileType = sourcecode.swift; path = SubViewController.swift; sourceTree = "<group>"; };
/* End PBXFileReference section */

/* Begin PBXFrameworksBuildPhase section */
		192493BB21AE78E500C24958 /* Frameworks */ = {
			isa = PBXFrameworksBuildPhase;
			buildActionMask = 2147483647;
			files = (
			);
			runOnlyForDeploymentPostprocessing = 0;
		};
/* End PBXFrameworksBuildPhase section */

/* Begin PBXGroup section */
		192493B521AE78E400C24958 = {
			isa = PBXGroup;
			children = (
				192493C021AE78E500C24958 /* BottomSheetUI */,
				192493BF21AE78E500C24958 /* Products */,
			);
			sourceTree = "<group>";
		};
		192493BF21AE78E500C24958 /* Products */ = {
			isa = PBXGroup;
			children = (
				192493BE21AE78E500C24958 /* BottomSheetUI.app */,
			);
			name = Products;
			sourceTree = "<group>";
		};
		192493C021AE78E500C24958 /* BottomSheetUI */ = {
			isa = PBXGroup;
			children = (
				192493C121AE78E500C24958 /* AppDelegate.swift */,
				19B3648221B0D50E00EE2CC9 /* MainViewController.swift */,
				19B3648421B0E1E400EE2CC9 /* SubViewController.swift */,
				192493C521AE78E500C24958 /* Main.storyboard */,
				192493C821AE78E700C24958 /* Assets.xcassets */,
				192493CA21AE78E700C24958 /* LaunchScreen.storyboard */,
				192493CD21AE78E800C24958 /* Info.plist */,
				198AAFC421B12D09007459A3 /* AdBannerCollectionViewCell.swift */,
				198AAFC521B12D09007459A3 /* AdBannerCollectionViewCell.xib */,
			);
			path = BottomSheetUI;
			sourceTree = "<group>";
		};
/* End PBXGroup section */

/* Begin PBXNativeTarget section */
		192493BD21AE78E500C24958 /* BottomSheetUI */ = {
			isa = PBXNativeTarget;
			buildConfigurationList = 192493D021AE78E800C24958 /* Build configuration list for PBXNativeTarget "BottomSheetUI" */;
			buildPhases = (
				192493BA21AE78E500C24958 /* Sources */,
				192493BB21AE78E500C24958 /* Frameworks */,
				192493BC21AE78E500C24958 /* Resources */,
			);
			buildRules = (
			);
			dependencies = (
			);
			name = BottomSheetUI;
			productName = BottomSheetUI;
			productReference = 192493BE21AE78E500C24958 /* BottomSheetUI.app */;
			productType = "com.apple.product-type.application";
		};
/* End PBXNativeTarget section */

/* Begin PBXProject section */
		192493B621AE78E400C24958 /* Project object */ = {
			isa = PBXProject;
			attributes = {
				LastSwiftUpdateCheck = 1010;
				LastUpgradeCheck = 1010;
				ORGANIZATIONNAME = com.ASTK;
				TargetAttributes = {
					192493BD21AE78E500C24958 = {
						CreatedOnToolsVersion = 10.1;
					};
				};
			};
			buildConfigurationList = 192493B921AE78E400C24958 /* Build configuration list for PBXProject "BottomSheetUI" */;
			compatibilityVersion = "Xcode 9.3";
			developmentRegion = en;
			hasScannedForEncodings = 0;
			knownRegions = (
				en,
				Base,
			);
			mainGroup = 192493B521AE78E400C24958;
			productRefGroup = 192493BF21AE78E500C24958 /* Products */;
			projectDirPath = "";
			projectRoot = "";
			targets = (
				192493BD21AE78E500C24958 /* BottomSheetUI */,
			);
		};
/* End PBXProject section */

/* Begin PBXResourcesBuildPhase section */
		192493BC21AE78E500C24958 /* Resources */ = {
			isa = PBXResourcesBuildPhase;
			buildActionMask = 2147483647;
			files = (
				192493CC21AE78E700C24958 /* LaunchScreen.storyboard in Resources */,
				198AAFC721B12D09007459A3 /* AdBannerCollectionViewCell.xib in Resources */,
				192493C921AE78E700C24958 /* Assets.xcassets in Resources */,
				192493C721AE78E500C24958 /* Main.storyboard in Resources */,
			);
			runOnlyForDeploymentPostprocessing = 0;
		};
/* End PBXResourcesBuildPhase section */

/* Begin PBXSourcesBuildPhase section */
		192493BA21AE78E500C24958 /* Sources */ = {
			isa = PBXSourcesBuildPhase;
			buildActionMask = 2147483647;
			files = (
				19B3648521B0E1E400EE2CC9 /* SubViewController.swift in Sources */,
				192493C221AE78E500C24958 /* AppDelegate.swift in Sources */,
				198AAFC621B12D09007459A3 /* AdBannerCollectionViewCell.swift in Sources */,
				19B3648321B0D50E00EE2CC9 /* MainViewController.swift in Sources */,
			);
			runOnlyForDeploymentPostprocessing = 0;
		};
/* End PBXSourcesBuildPhase section */

/* Begin PBXVariantGroup section */
		192493C521AE78E500C24958 /* Main.storyboard */ = {
			isa = PBXVariantGroup;
			children = (
				192493C621AE78E500C24958 /* Base */,
			);
			name = Main.storyboard;
			sourceTree = "<group>";
		};
		192493CA21AE78E700C24958 /* LaunchScreen.storyboard */ = {
			isa = PBXVariantGroup;
			children = (
				192493CB21AE78E700C24958 /* Base */,
			);
			name = LaunchScreen.storyboard;
			sourceTree = "<group>";
		};
/* End PBXVariantGroup section */

/* Begin XCBuildConfiguration section */
		192493CE21AE78E800C24958 /* Debug */ = {
			isa = XCBuildConfiguration;
			buildSettings = {
				ALWAYS_SEARCH_USER_PATHS = NO;
				CLANG_ANALYZER_NONNULL = YES;
				CLANG_ANALYZER_NUMBER_OBJECT_CONVERSION = YES_AGGRESSIVE;
				CLANG_CXX_LANGUAGE_STANDARD = "gnu++14";
				CLANG_CXX_LIBRARY = "libc++";
				CLANG_ENABLE_MODULES = YES;
				CLANG_ENABLE_OBJC_ARC = YES;
				CLANG_ENABLE_OBJC_WEAK = YES;
				CLANG_WARN_BLOCK_CAPTURE_AUTORELEASING = YES;
				CLANG_WARN_BOOL_CONVERSION = YES;
				CLANG_WARN_COMMA = YES;
				CLANG_WARN_CONSTANT_CONVERSION = YES;
				CLANG_WARN_DEPRECATED_OBJC_IMPLEMENTATIONS = YES;
				CLANG_WARN_DIRECT_OBJC_ISA_USAGE = YES_ERROR;
				CLANG_WARN_DOCUMENTATION_COMMENTS = YES;
				CLANG_WARN_EMPTY_BODY = YES;
				CLANG_WARN_ENUM_CONVERSION = YES;
				CLANG_WARN_INFINITE_RECURSION = YES;
				CLANG_WARN_INT_CONVERSION = YES;
				CLANG_WARN_NON_LITERAL_NULL_CONVERSION = YES;
				CLANG_WARN_OBJC_IMPLICIT_RETAIN_SELF = YES;
				CLANG_WARN_OBJC_LITERAL_CONVERSION = YES;
				CLANG_WARN_OBJC_ROOT_CLASS = YES_ERROR;
				CLANG_WARN_RANGE_LOOP_ANALYSIS = YES;
				CLANG_WARN_STRICT_PROTOTYPES = YES;
				CLANG_WARN_SUSPICIOUS_MOVE = YES;
				CLANG_WARN_UNGUARDED_AVAILABILITY = YES_AGGRESSIVE;
				CLANG_WARN_UNREACHABLE_CODE = YES;
				CLANG_WARN__DUPLICATE_METHOD_MATCH = YES;
				CODE_SIGN_IDENTITY = "iPhone Developer";
				COPY_PHASE_STRIP = NO;
				DEBUG_INFORMATION_FORMAT = dwarf;
				ENABLE_STRICT_OBJC_MSGSEND = YES;
				ENABLE_TESTABILITY = YES;
				GCC_C_LANGUAGE_STANDARD = gnu11;
				GCC_DYNAMIC_NO_PIC = NO;
				GCC_NO_COMMON_BLOCKS = YES;
				GCC_OPTIMIZATION_LEVEL = 0;
				GCC_PREPROCESSOR_DEFINITIONS = (
					"DEBUG=1",
					"$(inherited)",
				);
				GCC_WARN_64_TO_32_BIT_CONVERSION = YES;
				GCC_WARN_ABOUT_RETURN_TYPE = YES_ERROR;
				GCC_WARN_UNDECLARED_SELECTOR = YES;
				GCC_WARN_UNINITIALIZED_AUTOS = YES_AGGRESSIVE;
				GCC_WARN_UNUSED_FUNCTION = YES;
				GCC_WARN_UNUSED_VARIABLE = YES;
				IPHONEOS_DEPLOYMENT_TARGET = 11.0;
				MTL_ENABLE_DEBUG_INFO = INCLUDE_SOURCE;
				MTL_FAST_MATH = YES;
				ONLY_ACTIVE_ARCH = YES;
				SDKROOT = iphoneos;
				SWIFT_ACTIVE_COMPILATION_CONDITIONS = DEBUG;
				SWIFT_OPTIMIZATION_LEVEL = "-Onone";
			};
			name = Debug;
		};
		192493CF21AE78E800C24958 /* Release */ = {
			isa = XCBuildConfiguration;
			buildSettings = {
				ALWAYS_SEARCH_USER_PATHS = NO;
				CLANG_ANALYZER_NONNULL = YES;
				CLANG_ANALYZER_NUMBER_OBJECT_CONVERSION = YES_AGGRESSIVE;
				CLANG_CXX_LANGUAGE_STANDARD = "gnu++14";
				CLANG_CXX_LIBRARY = "libc++";
				CLANG_ENABLE_MODULES = YES;
				CLANG_ENABLE_OBJC_ARC = YES;
				CLANG_ENABLE_OBJC_WEAK = YES;
				CLANG_WARN_BLOCK_CAPTURE_AUTORELEASING = YES;
				CLANG_WARN_BOOL_CONVERSION = YES;
				CLANG_WARN_COMMA = YES;
				CLANG_WARN_CONSTANT_CONVERSION = YES;
				CLANG_WARN_DEPRECATED_OBJC_IMPLEMENTATIONS = YES;
				CLANG_WARN_DIRECT_OBJC_ISA_USAGE = YES_ERROR;
				CLANG_WARN_DOCUMENTATION_COMMENTS = YES;
				CLANG_WARN_EMPTY_BODY = YES;
				CLANG_WARN_ENUM_CONVERSION = YES;
				CLANG_WARN_INFINITE_RECURSION = YES;
				CLANG_WARN_INT_CONVERSION = YES;
				CLANG_WARN_NON_LITERAL_NULL_CONVERSION = YES;
				CLANG_WARN_OBJC_IMPLICIT_RETAIN_SELF = YES;
				CLANG_WARN_OBJC_LITERAL_CONVERSION = YES;
				CLANG_WARN_OBJC_ROOT_CLASS = YES_ERROR;
				CLANG_WARN_RANGE_LOOP_ANALYSIS = YES;
				CLANG_WARN_STRICT_PROTOTYPES = YES;
				CLANG_WARN_SUSPICIOUS_MOVE = YES;
				CLANG_WARN_UNGUARDED_AVAILABILITY = YES_AGGRESSIVE;
				CLANG_WARN_UNREACHABLE_CODE = YES;
				CLANG_WARN__DUPLICATE_METHOD_MATCH = YES;
				CODE_SIGN_IDENTITY = "iPhone Developer";
				COPY_PHASE_STRIP = NO;
				DEBUG_INFORMATION_FORMAT = "dwarf-with-dsym";
				ENABLE_NS_ASSERTIONS = NO;
				ENABLE_STRICT_OBJC_MSGSEND = YES;
				GCC_C_LANGUAGE_STANDARD = gnu11;
				GCC_NO_COMMON_BLOCKS = YES;
				GCC_WARN_64_TO_32_BIT_CONVERSION = YES;
				GCC_WARN_ABOUT_RETURN_TYPE = YES_ERROR;
				GCC_WARN_UNDECLARED_SELECTOR = YES;
				GCC_WARN_UNINITIALIZED_AUTOS = YES_AGGRESSIVE;
				GCC_WARN_UNUSED_FUNCTION = YES;
				GCC_WARN_UNUSED_VARIABLE = YES;
				IPHONEOS_DEPLOYMENT_TARGET = 11.0;
				MTL_ENABLE_DEBUG_INFO = NO;
				MTL_FAST_MATH = YES;
				SDKROOT = iphoneos;
				SWIFT_COMPILATION_MODE = wholemodule;
				SWIFT_OPTIMIZATION_LEVEL = "-O";
				VALIDATE_PRODUCT = YES;
			};
			name = Release;
		};
		192493D121AE78E800C24958 /* Debug */ = {
			isa = XCBuildConfiguration;
			buildSettings = {
				ASSETCATALOG_COMPILER_APPICON_NAME = AppIcon;
				CODE_SIGN_IDENTITY = "iPhone Developer";
				CODE_SIGN_STYLE = Automatic;
				DEVELOPMENT_TEAM = 7M7ZGYSAKB;
				INFOPLIST_FILE = BottomSheetUI/Info.plist;
				IPHONEOS_DEPLOYMENT_TARGET = 9.0;
				LD_RUNPATH_SEARCH_PATHS = (
					"$(inherited)",
					"@executable_path/Frameworks",
				);
				PRODUCT_BUNDLE_IDENTIFIER = com.ASTK.BottomSheetUI;
				PRODUCT_NAME = "$(TARGET_NAME)";
				PROVISIONING_PROFILE_SPECIFIER = "";
				SWIFT_VERSION = 4.2;
				TARGETED_DEVICE_FAMILY = "1,2";
			};
			name = Debug;
		};
		192493D221AE78E800C24958 /* Release */ = {
			isa = XCBuildConfiguration;
			buildSettings = {
				ASSETCATALOG_COMPILER_APPICON_NAME = AppIcon;
				CODE_SIGN_IDENTITY = "iPhone Developer";
				CODE_SIGN_STYLE = Automatic;
				DEVELOPMENT_TEAM = 7M7ZGYSAKB;
				INFOPLIST_FILE = BottomSheetUI/Info.plist;
				IPHONEOS_DEPLOYMENT_TARGET = 9.0;
				LD_RUNPATH_SEARCH_PATHS = (
					"$(inherited)",
					"@executable_path/Frameworks",
				);
				PRODUCT_BUNDLE_IDENTIFIER = com.ASTK.BottomSheetUI;
				PRODUCT_NAME = "$(TARGET_NAME)";
				PROVISIONING_PROFILE_SPECIFIER = "";
				SWIFT_VERSION = 4.2;
				TARGETED_DEVICE_FAMILY = "1,2";
			};
			name = Release;
		};
/* End XCBuildConfiguration section */

/* Begin XCConfigurationList section */
		192493B921AE78E400C24958 /* Build configuration list for PBXProject "BottomSheetUI" */ = {
			isa = XCConfigurationList;
			buildConfigurations = (
				192493CE21AE78E800C24958 /* Debug */,
				192493CF21AE78E800C24958 /* Release */,
			);
			defaultConfigurationIsVisible = 0;
			defaultConfigurationName = Release;
		};
		192493D021AE78E800C24958 /* Build configuration list for PBXNativeTarget "BottomSheetUI" */ = {
			isa = XCConfigurationList;
			buildConfigurations = (
				192493D121AE78E800C24958 /* Debug */,
				192493D221AE78E800C24958 /* Release */,
			);
			defaultConfigurationIsVisible = 0;
			defaultConfigurationName = Release;
		};
/* End XCConfigurationList section */
	};
	rootObject = 192493B621AE78E400C24958 /* Project object */;
}
